
Microsoft Visual Studio Solution File, Format Version 12.00
# Visual Studio Version 17
VisualStudioVersion = 17.14.36623.8 d17.14
MinimumVisualStudioVersion = 10.0.40219.1
Project("{FAE04EC0-301F-11D3-BF4B-00C04F79EFBC}") = "RestaurantApp", "RestaurantApp\RestaurantApp.csproj", "{9E729107-3CAD-41AF-A470-D2FDBA601F90}"
EndProject
Global
	GlobalSection(SolutionConfigurationPlatforms) = preSolution
		Debug|Any CPU = Debug|Any CPU
		Release|Any CPU = Release|Any CPU
	EndGlobalSection
	GlobalSection(ProjectConfigurationPlatforms) = postSolution
		{9E729107-3CAD-41AF-A470-D2FDBA601F90}.Debug|Any CPU.ActiveCfg = Debug|Any CPU
		{9E729107-3CAD-41AF-A470-D2FDBA601F90}.Debug|Any CPU.Build.0 = Debug|Any CPU
		{9E729107-3CAD-41AF-A470-D2FDBA601F90}.Release|Any CPU.ActiveCfg = Release|Any CPU
		{9E729107-3CAD-41AF-A470-D2FDBA601F90}.Release|Any CPU.Build.0 = Release|Any CPU
	EndGlobalSection
	GlobalSection(SolutionProperties) = preSolution
		HideSolutionNode = FALSE
	EndGlobalSection
	GlobalSection(ExtensibilityGlobals) = postSolution
		SolutionGuid = {EEDC9F5C-8DD9-4501-AE6B-AF9141992DCB}
	EndGlobalSection
EndGlobal
